
Microsoft Visual Studio Solution File, Format Version 12.00
# Visual Studio Version 16
VisualStudioVersion = 16.0.33027.164
MinimumVisualStudioVersion = 10.0.40219.1
Project("{FAE04EC0-301F-11D3-BF4B-00C04F79EFBC}") = "nuget.Dapper.samples", "nuget.Dapper.samples\nuget.Dapper.samples.csproj", "{BA83F5B6-EEC2-4F45-95EA-2214416DCDF0}"
EndProject
Project("{2150E333-8FDC-42A3-9474-1A3956D46DE8}") = "Solution Items", "Solution Items", "{113ECBDF-47CB-4E8F-9D4D-DB5C6BA1C383}"
	ProjectSection(SolutionItems) = preProject
		assembly.list.txt = assembly.list.txt
		history.txt = history.txt
	EndProjectSection
EndProject
Project("{FAE04EC0-301F-11D3-BF4B-00C04F79EFBC}") = "nuget.NewtonSoft.Json", "nuget.NewtonSoft.Json\nuget.NewtonSoft.Json.csproj", "{23681CE6-E360-430A-A721-A16048B3BC0D}"
EndProject
Project("{FAE04EC0-301F-11D3-BF4B-00C04F79EFBC}") = "nuget.Oracle.ManagedDataAccess", "nuget.Oracle.ManagedDataAccess\nuget.Oracle.ManagedDataAccess.csproj", "{06107EE1-ECDD-4C1B-AB36-7803BE94F3AA}"
EndProject
Project("{FAE04EC0-301F-11D3-BF4B-00C04F79EFBC}") = "Wpf.All.local.samples", "Wpf.All.local.samples\Wpf.All.local.samples.csproj", "{A221A5A4-6504-4241-9B79-E482C7DA2C7A}"
EndProject
Project("{FAE04EC0-301F-11D3-BF4B-00C04F79EFBC}") = "nuget.ReportViewer", "nuget.ReportViewer\nuget.ReportViewer.csproj", "{A44CAF2E-1186-4145-B4DE-BA4D202545D4}"
EndProject
Project("{FAE04EC0-301F-11D3-BF4B-00C04F79EFBC}") = "nuget.Owin.WebServer.SelfHost", "nuget.Owin.WebServer.SelfHost\nuget.Owin.WebServer.SelfHost.csproj", "{5D8C3843-1360-41F1-B55C-E319812C1CC2}"
EndProject
Project("{FAE04EC0-301F-11D3-BF4B-00C04F79EFBC}") = "nuget.RestClient", "nuget.RestClient\nuget.RestClient.csproj", "{5FBBF8FC-D31B-4134-9D70-CC6CEE3288ED}"
EndProject
Project("{FAE04EC0-301F-11D3-BF4B-00C04F79EFBC}") = "nuget.EPPlus", "nuget.EPPlus\nuget.EPPlus.csproj", "{2261761D-4879-45F1-84D0-B67F46F9FCD2}"
EndProject
Project("{FAE04EC0-301F-11D3-BF4B-00C04F79EFBC}") = "nuget.AllPackages", "nuget.AllPackages\nuget.AllPackages.csproj", "{77DD10BE-9410-4F78-B63B-3992E9D70311}"
EndProject
Project("{FAE04EC0-301F-11D3-BF4B-00C04F79EFBC}") = "nuget.SqlLite.net.pcl", "nuget.SqlLite.net.pcl\nuget.SqlLite.net.pcl.csproj", "{58DB65FC-B55F-4445-B7FA-3A6A69334400}"
EndProject
Project("{FAE04EC0-301F-11D3-BF4B-00C04F79EFBC}") = "nuget.Microsoft.Data.Sqlite.Core", "nuget.Microsoft.Data.Sqlite.Core\nuget.Microsoft.Data.Sqlite.Core.csproj", "{FABC386A-29D2-4A25-904A-349F0CE7F2EE}"
EndProject
Project("{FAE04EC0-301F-11D3-BF4B-00C04F79EFBC}") = "nuget.Xceed.Wpf.Toolkit", "nuget.Xceed.Wpf.Toolkit\nuget.Xceed.Wpf.Toolkit.csproj", "{3EC1E466-A556-435F-824D-A3C592F84BBD}"
EndProject
Project("{FAE04EC0-301F-11D3-BF4B-00C04F79EFBC}") = "nuget.MapSui", "nuget.MapSui\nuget.MapSui.csproj", "{2D1D0873-F1C3-4B2E-93E1-AC132605E515}"
EndProject
Project("{FAE04EC0-301F-11D3-BF4B-00C04F79EFBC}") = "nuget.Tesseract.samples", "nuget.Tesseract.samples\nuget.Tesseract.samples.csproj", "{8D8E56F7-D27B-4857-8429-5597A916663C}"
EndProject
Global
	GlobalSection(SolutionConfigurationPlatforms) = preSolution
		Debug|Any CPU = Debug|Any CPU
		Release|Any CPU = Release|Any CPU
	EndGlobalSection
	GlobalSection(ProjectConfigurationPlatforms) = postSolution
		{BA83F5B6-EEC2-4F45-95EA-2214416DCDF0}.Debug|Any CPU.ActiveCfg = Debug|Any CPU
		{BA83F5B6-EEC2-4F45-95EA-2214416DCDF0}.Debug|Any CPU.Build.0 = Debug|Any CPU
		{BA83F5B6-EEC2-4F45-95EA-2214416DCDF0}.Release|Any CPU.ActiveCfg = Release|Any CPU
		{BA83F5B6-EEC2-4F45-95EA-2214416DCDF0}.Release|Any CPU.Build.0 = Release|Any CPU
		{23681CE6-E360-430A-A721-A16048B3BC0D}.Debug|Any CPU.ActiveCfg = Debug|Any CPU
		{23681CE6-E360-430A-A721-A16048B3BC0D}.Debug|Any CPU.Build.0 = Debug|Any CPU
		{23681CE6-E360-430A-A721-A16048B3BC0D}.Release|Any CPU.ActiveCfg = Release|Any CPU
		{23681CE6-E360-430A-A721-A16048B3BC0D}.Release|Any CPU.Build.0 = Release|Any CPU
		{06107EE1-ECDD-4C1B-AB36-7803BE94F3AA}.Debug|Any CPU.ActiveCfg = Debug|Any CPU
		{06107EE1-ECDD-4C1B-AB36-7803BE94F3AA}.Debug|Any CPU.Build.0 = Debug|Any CPU
		{06107EE1-ECDD-4C1B-AB36-7803BE94F3AA}.Release|Any CPU.ActiveCfg = Release|Any CPU
		{06107EE1-ECDD-4C1B-AB36-7803BE94F3AA}.Release|Any CPU.Build.0 = Release|Any CPU
		{A221A5A4-6504-4241-9B79-E482C7DA2C7A}.Debug|Any CPU.ActiveCfg = Debug|Any CPU
		{A221A5A4-6504-4241-9B79-E482C7DA2C7A}.Debug|Any CPU.Build.0 = Debug|Any CPU
		{A221A5A4-6504-4241-9B79-E482C7DA2C7A}.Release|Any CPU.ActiveCfg = Release|Any CPU
		{A221A5A4-6504-4241-9B79-E482C7DA2C7A}.Release|Any CPU.Build.0 = Release|Any CPU
		{A44CAF2E-1186-4145-B4DE-BA4D202545D4}.Debug|Any CPU.ActiveCfg = Debug|Any CPU
		{A44CAF2E-1186-4145-B4DE-BA4D202545D4}.Debug|Any CPU.Build.0 = Debug|Any CPU
		{A44CAF2E-1186-4145-B4DE-BA4D202545D4}.Release|Any CPU.ActiveCfg = Release|Any CPU
		{A44CAF2E-1186-4145-B4DE-BA4D202545D4}.Release|Any CPU.Build.0 = Release|Any CPU
		{5D8C3843-1360-41F1-B55C-E319812C1CC2}.Debug|Any CPU.ActiveCfg = Debug|Any CPU
		{5D8C3843-1360-41F1-B55C-E319812C1CC2}.Debug|Any CPU.Build.0 = Debug|Any CPU
		{5D8C3843-1360-41F1-B55C-E319812C1CC2}.Release|Any CPU.ActiveCfg = Release|Any CPU
		{5D8C3843-1360-41F1-B55C-E319812C1CC2}.Release|Any CPU.Build.0 = Release|Any CPU
		{5FBBF8FC-D31B-4134-9D70-CC6CEE3288ED}.Debug|Any CPU.ActiveCfg = Debug|Any CPU
		{5FBBF8FC-D31B-4134-9D70-CC6CEE3288ED}.Debug|Any CPU.Build.0 = Debug|Any CPU
		{5FBBF8FC-D31B-4134-9D70-CC6CEE3288ED}.Release|Any CPU.ActiveCfg = Release|Any CPU
		{5FBBF8FC-D31B-4134-9D70-CC6CEE3288ED}.Release|Any CPU.Build.0 = Release|Any CPU
		{2261761D-4879-45F1-84D0-B67F46F9FCD2}.Debug|Any CPU.ActiveCfg = Debug|Any CPU
		{2261761D-4879-45F1-84D0-B67F46F9FCD2}.Debug|Any CPU.Build.0 = Debug|Any CPU
		{2261761D-4879-45F1-84D0-B67F46F9FCD2}.Release|Any CPU.ActiveCfg = Release|Any CPU
		{2261761D-4879-45F1-84D0-B67F46F9FCD2}.Release|Any CPU.Build.0 = Release|Any CPU
		{77DD10BE-9410-4F78-B63B-3992E9D70311}.Debug|Any CPU.ActiveCfg = Debug|Any CPU
		{77DD10BE-9410-4F78-B63B-3992E9D70311}.Debug|Any CPU.Build.0 = Debug|Any CPU
		{77DD10BE-9410-4F78-B63B-3992E9D70311}.Release|Any CPU.ActiveCfg = Release|Any CPU
		{77DD10BE-9410-4F78-B63B-3992E9D70311}.Release|Any CPU.Build.0 = Release|Any CPU
		{58DB65FC-B55F-4445-B7FA-3A6A69334400}.Debug|Any CPU.ActiveCfg = Debug|Any CPU
		{58DB65FC-B55F-4445-B7FA-3A6A69334400}.Debug|Any CPU.Build.0 = Debug|Any CPU
		{58DB65FC-B55F-4445-B7FA-3A6A69334400}.Release|Any CPU.ActiveCfg = Release|Any CPU
		{58DB65FC-B55F-4445-B7FA-3A6A69334400}.Release|Any CPU.Build.0 = Release|Any CPU
		{FABC386A-29D2-4A25-904A-349F0CE7F2EE}.Debug|Any CPU.ActiveCfg = Debug|Any CPU
		{FABC386A-29D2-4A25-904A-349F0CE7F2EE}.Debug|Any CPU.Build.0 = Debug|Any CPU
		{FABC386A-29D2-4A25-904A-349F0CE7F2EE}.Release|Any CPU.ActiveCfg = Release|Any CPU
		{FABC386A-29D2-4A25-904A-349F0CE7F2EE}.Release|Any CPU.Build.0 = Release|Any CPU
		{3EC1E466-A556-435F-824D-A3C592F84BBD}.Debug|Any CPU.ActiveCfg = Debug|Any CPU
		{3EC1E466-A556-435F-824D-A3C592F84BBD}.Debug|Any CPU.Build.0 = Debug|Any CPU
		{3EC1E466-A556-435F-824D-A3C592F84BBD}.Release|Any CPU.ActiveCfg = Release|Any CPU
		{3EC1E466-A556-435F-824D-A3C592F84BBD}.Release|Any CPU.Build.0 = Release|Any CPU
		{2D1D0873-F1C3-4B2E-93E1-AC132605E515}.Debug|Any CPU.ActiveCfg = Debug|Any CPU
		{2D1D0873-F1C3-4B2E-93E1-AC132605E515}.Debug|Any CPU.Build.0 = Debug|Any CPU
		{2D1D0873-F1C3-4B2E-93E1-AC132605E515}.Release|Any CPU.ActiveCfg = Release|Any CPU
		{2D1D0873-F1C3-4B2E-93E1-AC132605E515}.Release|Any CPU.Build.0 = Release|Any CPU
		{8D8E56F7-D27B-4857-8429-5597A916663C}.Debug|Any CPU.ActiveCfg = Debug|Any CPU
		{8D8E56F7-D27B-4857-8429-5597A916663C}.Debug|Any CPU.Build.0 = Debug|Any CPU
		{8D8E56F7-D27B-4857-8429-5597A916663C}.Release|Any CPU.ActiveCfg = Release|Any CPU
		{8D8E56F7-D27B-4857-8429-5597A916663C}.Release|Any CPU.Build.0 = Release|Any CPU
	EndGlobalSection
	GlobalSection(SolutionProperties) = preSolution
		HideSolutionNode = FALSE
	EndGlobalSection
	GlobalSection(ExtensibilityGlobals) = postSolution
		SolutionGuid = {0898786B-6F58-4EA2-9346-C189211E1565}
	EndGlobalSection
EndGlobal
