
Microsoft Visual Studio Solution File, Format Version 12.00
# Visual Studio Version 16
VisualStudioVersion = 16.0.33027.164
MinimumVisualStudioVersion = 10.0.40219.1
Project("{FAE04EC0-301F-11D3-BF4B-00C04F79EFBC}") = "nuget.Dapper.samples", "nuget.Dapper.samples\nuget.Dapper.samples.csproj", "{BA83F5B6-EEC2-4F45-95EA-2214416DCDF0}"
EndProject
Project("{2150E333-8FDC-42A3-9474-1A3956D46DE8}") = "Solution Items", "Solution Items", "{113ECBDF-47CB-4E8F-9D4D-DB5C6BA1C383}"
	ProjectSection(SolutionItems) = preProject
		assembly.list.txt = assembly.list.txt
		history.txt = history.txt
	EndProjectSection
EndProject
Project("{FAE04EC0-301F-11D3-BF4B-00C04F79EFBC}") = "nuget.NewtonSoft.Json", "nuget.NewtonSoft.Json\nuget.NewtonSoft.Json.csproj", "{23681CE6-E360-430A-A721-A16048B3BC0D}"
EndProject
Project("{FAE04EC0-301F-11D3-BF4B-00C04F79EFBC}") = "nuget.Oracle.ManagedDataAccess", "nuget.Oracle.ManagedDataAccess\nuget.Oracle.ManagedDataAccess.csproj", "{06107EE1-ECDD-4C1B-AB36-7803BE94F3AA}"
EndProject
Project("{FAE04EC0-301F-11D3-BF4B-00C04F79EFBC}") = "Wpf.All.local.samples", "Wpf.All.local.samples\Wpf.All.local.samples.csproj", "{A221A5A4-6504-4241-9B79-E482C7DA2C7A}"
EndProject
Project("{FAE04EC0-301F-11D3-BF4B-00C04F79EFBC}") = "nuget.ReportViewer", "nuget.ReportViewer\nuget.ReportViewer.csproj", "{A44CAF2E-1186-4145-B4DE-BA4D202545D4}"
EndProject
Global
	GlobalSection(SolutionConfigurationPlatforms) = preSolution
		Debug|Any CPU = Debug|Any CPU
		Release|Any CPU = Release|Any CPU
	EndGlobalSection
	GlobalSection(ProjectConfigurationPlatforms) = postSolution
		{BA83F5B6-EEC2-4F45-95EA-2214416DCDF0}.Debug|Any CPU.ActiveCfg = Debug|Any CPU
		{BA83F5B6-EEC2-4F45-95EA-2214416DCDF0}.Debug|Any CPU.Build.0 = Debug|Any CPU
		{BA83F5B6-EEC2-4F45-95EA-2214416DCDF0}.Release|Any CPU.ActiveCfg = Release|Any CPU
		{BA83F5B6-EEC2-4F45-95EA-2214416DCDF0}.Release|Any CPU.Build.0 = Release|Any CPU
		{23681CE6-E360-430A-A721-A16048B3BC0D}.Debug|Any CPU.ActiveCfg = Debug|Any CPU
		{23681CE6-E360-430A-A721-A16048B3BC0D}.Debug|Any CPU.Build.0 = Debug|Any CPU
		{23681CE6-E360-430A-A721-A16048B3BC0D}.Release|Any CPU.ActiveCfg = Release|Any CPU
		{23681CE6-E360-430A-A721-A16048B3BC0D}.Release|Any CPU.Build.0 = Release|Any CPU
		{06107EE1-ECDD-4C1B-AB36-7803BE94F3AA}.Debug|Any CPU.ActiveCfg = Debug|Any CPU
		{06107EE1-ECDD-4C1B-AB36-7803BE94F3AA}.Debug|Any CPU.Build.0 = Debug|Any CPU
		{06107EE1-ECDD-4C1B-AB36-7803BE94F3AA}.Release|Any CPU.ActiveCfg = Release|Any CPU
		{06107EE1-ECDD-4C1B-AB36-7803BE94F3AA}.Release|Any CPU.Build.0 = Release|Any CPU
		{A221A5A4-6504-4241-9B79-E482C7DA2C7A}.Debug|Any CPU.ActiveCfg = Debug|Any CPU
		{A221A5A4-6504-4241-9B79-E482C7DA2C7A}.Debug|Any CPU.Build.0 = Debug|Any CPU
		{A221A5A4-6504-4241-9B79-E482C7DA2C7A}.Release|Any CPU.ActiveCfg = Release|Any CPU
		{A221A5A4-6504-4241-9B79-E482C7DA2C7A}.Release|Any CPU.Build.0 = Release|Any CPU
		{A44CAF2E-1186-4145-B4DE-BA4D202545D4}.Debug|Any CPU.ActiveCfg = Debug|Any CPU
		{A44CAF2E-1186-4145-B4DE-BA4D202545D4}.Debug|Any CPU.Build.0 = Debug|Any CPU
		{A44CAF2E-1186-4145-B4DE-BA4D202545D4}.Release|Any CPU.ActiveCfg = Release|Any CPU
		{A44CAF2E-1186-4145-B4DE-BA4D202545D4}.Release|Any CPU.Build.0 = Release|Any CPU
	EndGlobalSection
	GlobalSection(SolutionProperties) = preSolution
		HideSolutionNode = FALSE
	EndGlobalSection
	GlobalSection(ExtensibilityGlobals) = postSolution
		SolutionGuid = {0898786B-6F58-4EA2-9346-C189211E1565}
	EndGlobalSection
EndGlobal
